
Microsoft Visual Studio Solution File, Format Version 12.00
# Visual Studio Version 16
VisualStudioVersion = 16.0.29728.190
MinimumVisualStudioVersion = 10.0.40219.1
Project("{FAE04EC0-301F-11D3-BF4B-00C04F79EFBC}") = "Es.2 Aereoporto", "Es.2 Aereoporto\Es.2 Aereoporto.csproj", "{BA5E4E16-E0FE-4C25-839C-EA61A9AED178}"
EndProject
Global
	GlobalSection(SolutionConfigurationPlatforms) = preSolution
		Debug|Any CPU = Debug|Any CPU
		Release|Any CPU = Release|Any CPU
	EndGlobalSection
	GlobalSection(ProjectConfigurationPlatforms) = postSolution
		{BA5E4E16-E0FE-4C25-839C-EA61A9AED178}.Debug|Any CPU.ActiveCfg = Debug|Any CPU
		{BA5E4E16-E0FE-4C25-839C-EA61A9AED178}.Debug|Any CPU.Build.0 = Debug|Any CPU
		{BA5E4E16-E0FE-4C25-839C-EA61A9AED178}.Release|Any CPU.ActiveCfg = Release|Any CPU
		{BA5E4E16-E0FE-4C25-839C-EA61A9AED178}.Release|Any CPU.Build.0 = Release|Any CPU
	EndGlobalSection
	GlobalSection(SolutionProperties) = preSolution
		HideSolutionNode = FALSE
	EndGlobalSection
	GlobalSection(ExtensibilityGlobals) = postSolution
		SolutionGuid = {5F87A02A-F30C-4AD6-9FFB-B748C6DEDD4D}
	EndGlobalSection
EndGlobal
